
Microsoft Visual Studio Solution File, Format Version 12.00
# Visual Studio Version 16
VisualStudioVersion = 16.0.31129.286
MinimumVisualStudioVersion = 10.0.40219.1
Project("{9A19103F-16F7-4668-BE54-9A1E7A4F7556}") = "PSC System", "PSC System\PSC System.csproj", "{15898F19-1572-4AE5-BD41-34608A563159}"
EndProject
Global
	GlobalSection(SolutionConfigurationPlatforms) = preSolution
		Debug|Any CPU = Debug|Any CPU
		Release|Any CPU = Release|Any CPU
	EndGlobalSection
	GlobalSection(ProjectConfigurationPlatforms) = postSolution
		{15898F19-1572-4AE5-BD41-34608A563159}.Debug|Any CPU.ActiveCfg = Debug|Any CPU
		{15898F19-1572-4AE5-BD41-34608A563159}.Debug|Any CPU.Build.0 = Debug|Any CPU
		{15898F19-1572-4AE5-BD41-34608A563159}.Release|Any CPU.ActiveCfg = Release|Any CPU
		{15898F19-1572-4AE5-BD41-34608A563159}.Release|Any CPU.Build.0 = Release|Any CPU
	EndGlobalSection
	GlobalSection(SolutionProperties) = preSolution
		HideSolutionNode = FALSE
	EndGlobalSection
	GlobalSection(ExtensibilityGlobals) = postSolution
		SolutionGuid = {BCABA2F9-EEFD-4622-AA5F-ECB4BAF8D899}
	EndGlobalSection
EndGlobal
